// !$*UTF8*$!
{
	archiveVersion = 1;
	classes = {
	};
	objectVersion = 56;
	objects = {

/* Begin PBXBuildFile section */
		AA000001 /* ClassicSyncApp.swift in Sources */ = {isa = PBXBuildFile; fileRef = AA100001 /* ClassicSyncApp.swift */; };
		AA000002 /* ContentView.swift in Sources */ = {isa = PBXBuildFile; fileRef = AA100002 /* ContentView.swift */; };
		AA000003 /* AudioCaptureEngine.swift in Sources */ = {isa = PBXBuildFile; fileRef = AA100003 /* AudioCaptureEngine.swift */; };
		AA000004 /* FFmpegEncoder.swift in Sources */ = {isa = PBXBuildFile; fileRef = AA100004 /* FFmpegEncoder.swift */; };
		AA000005 /* AppleScriptBridge.swift in Sources */ = {isa = PBXBuildFile; fileRef = AA100005 /* AppleScriptBridge.swift */; };
		AA000006 /* RecordingCoordinator.swift in Sources */ = {isa = PBXBuildFile; fileRef = AA100006 /* RecordingCoordinator.swift */; };
		AA000007 /* TrackInfo.swift in Sources */ = {isa = PBXBuildFile; fileRef = AA100007 /* TrackInfo.swift */; };
		AA000008 /* RecordingSession.swift in Sources */ = {isa = PBXBuildFile; fileRef = AA100008 /* RecordingSession.swift */; };
		AA000009 /* AppState.swift in Sources */ = {isa = PBXBuildFile; fileRef = AA100009 /* AppState.swift */; };
		AA000010 /* SetupView.swift in Sources */ = {isa = PBXBuildFile; fileRef = AA100010 /* SetupView.swift */; };
		AA000011 /* QueueView.swift in Sources */ = {isa = PBXBuildFile; fileRef = AA100011 /* QueueView.swift */; };
		AA000012 /* NowRecordingView.swift in Sources */ = {isa = PBXBuildFile; fileRef = AA100012 /* NowRecordingView.swift */; };
		AA000013 /* CompletedView.swift in Sources */ = {isa = PBXBuildFile; fileRef = AA100013 /* CompletedView.swift */; };
		AA000014 /* FileNamer.swift in Sources */ = {isa = PBXBuildFile; fileRef = AA100014 /* FileNamer.swift */; };
		AA000015 /* ArtworkResizer.swift in Sources */ = {isa = PBXBuildFile; fileRef = AA100015 /* ArtworkResizer.swift */; };
		AA000016 /* DiskSpaceChecker.swift in Sources */ = {isa = PBXBuildFile; fileRef = AA100016 /* DiskSpaceChecker.swift */; };
/* End PBXBuildFile section */

/* Begin PBXFileReference section */
		AA100001 /* ClassicSyncApp.swift */ = {isa = PBXFileReference; lastKnownFileType = sourcecode.swift; path = ClassicSyncApp.swift; sourceTree = "<group>"; };
		AA100002 /* ContentView.swift */ = {isa = PBXFileReference; lastKnownFileType = sourcecode.swift; path = ContentView.swift; sourceTree = "<group>"; };
		AA100003 /* AudioCaptureEngine.swift */ = {isa = PBXFileReference; lastKnownFileType = sourcecode.swift; path = AudioCaptureEngine.swift; sourceTree = "<group>"; };
		AA100004 /* FFmpegEncoder.swift */ = {isa = PBXFileReference; lastKnownFileType = sourcecode.swift; path = FFmpegEncoder.swift; sourceTree = "<group>"; };
		AA100005 /* AppleScriptBridge.swift */ = {isa = PBXFileReference; lastKnownFileType = sourcecode.swift; path = AppleScriptBridge.swift; sourceTree = "<group>"; };
		AA100006 /* RecordingCoordinator.swift */ = {isa = PBXFileReference; lastKnownFileType = sourcecode.swift; path = RecordingCoordinator.swift; sourceTree = "<group>"; };
		AA100007 /* TrackInfo.swift */ = {isa = PBXFileReference; lastKnownFileType = sourcecode.swift; path = TrackInfo.swift; sourceTree = "<group>"; };
		AA100008 /* RecordingSession.swift */ = {isa = PBXFileReference; lastKnownFileType = sourcecode.swift; path = RecordingSession.swift; sourceTree = "<group>"; };
		AA100009 /* AppState.swift */ = {isa = PBXFileReference; lastKnownFileType = sourcecode.swift; path = AppState.swift; sourceTree = "<group>"; };
		AA100010 /* SetupView.swift */ = {isa = PBXFileReference; lastKnownFileType = sourcecode.swift; path = SetupView.swift; sourceTree = "<group>"; };
		AA100011 /* QueueView.swift */ = {isa = PBXFileReference; lastKnownFileType = sourcecode.swift; path = QueueView.swift; sourceTree = "<group>"; };
		AA100012 /* NowRecordingView.swift */ = {isa = PBXFileReference; lastKnownFileType = sourcecode.swift; path = NowRecordingView.swift; sourceTree = "<group>"; };
		AA100013 /* CompletedView.swift */ = {isa = PBXFileReference; lastKnownFileType = sourcecode.swift; path = CompletedView.swift; sourceTree = "<group>"; };
		AA100014 /* FileNamer.swift */ = {isa = PBXFileReference; lastKnownFileType = sourcecode.swift; path = FileNamer.swift; sourceTree = "<group>"; };
		AA100015 /* ArtworkResizer.swift */ = {isa = PBXFileReference; lastKnownFileType = sourcecode.swift; path = ArtworkResizer.swift; sourceTree = "<group>"; };
		AA100016 /* DiskSpaceChecker.swift */ = {isa = PBXFileReference; lastKnownFileType = sourcecode.swift; path = DiskSpaceChecker.swift; sourceTree = "<group>"; };
		AA100017 /* Info.plist */ = {isa = PBXFileReference; lastKnownFileType = text.plist.xml; path = Info.plist; sourceTree = "<group>"; };
		AA100018 /* ClassicSync.entitlements */ = {isa = PBXFileReference; lastKnownFileType = text.plist.entitlements; path = ClassicSync.entitlements; sourceTree = "<group>"; };
		AA200001 /* ClassicSync.app */ = {isa = PBXFileReference; explicitFileType = wrapper.application; includeInIndex = 0; path = ClassicSync.app; sourceTree = BUILT_PRODUCTS_DIR; };
/* End PBXFileReference section */

/* Begin PBXFrameworksBuildPhase section */
		AA300001 /* Frameworks */ = {
			isa = PBXFrameworksBuildPhase;
			buildActionMask = 2147483647;
			files = (
			);
			runOnlyForDeploymentPostprocessing = 0;
		};
/* End PBXFrameworksBuildPhase section */

/* Begin PBXGroup section */
		AA400000 /* ClassicSync */ = {
			isa = PBXGroup;
			children = (
				AA400001 /* App */,
				AA400002 /* Engine */,
				AA400003 /* Models */,
				AA400004 /* Views */,
				AA400005 /* Utilities */,
				AA100017 /* Info.plist */,
				AA100018 /* ClassicSync.entitlements */,
			);
			path = ClassicSync;
			sourceTree = "<group>";
		};
		AA400001 /* App */ = {
			isa = PBXGroup;
			children = (
				AA100001 /* ClassicSyncApp.swift */,
				AA100002 /* ContentView.swift */,
			);
			path = App;
			sourceTree = "<group>";
		};
		AA400002 /* Engine */ = {
			isa = PBXGroup;
			children = (
				AA100003 /* AudioCaptureEngine.swift */,
				AA100004 /* FFmpegEncoder.swift */,
				AA100005 /* AppleScriptBridge.swift */,
				AA100006 /* RecordingCoordinator.swift */,
			);
			path = Engine;
			sourceTree = "<group>";
		};
		AA400003 /* Models */ = {
			isa = PBXGroup;
			children = (
				AA100007 /* TrackInfo.swift */,
				AA100008 /* RecordingSession.swift */,
				AA100009 /* AppState.swift */,
			);
			path = Models;
			sourceTree = "<group>";
		};
		AA400004 /* Views */ = {
			isa = PBXGroup;
			children = (
				AA100010 /* SetupView.swift */,
				AA100011 /* QueueView.swift */,
				AA100012 /* NowRecordingView.swift */,
				AA100013 /* CompletedView.swift */,
			);
			path = Views;
			sourceTree = "<group>";
		};
		AA400005 /* Utilities */ = {
			isa = PBXGroup;
			children = (
				AA100014 /* FileNamer.swift */,
				AA100015 /* ArtworkResizer.swift */,
				AA100016 /* DiskSpaceChecker.swift */,
			);
			path = Utilities;
			sourceTree = "<group>";
		};
		AA500000 /* Products */ = {
			isa = PBXGroup;
			children = (
				AA200001 /* ClassicSync.app */,
			);
			name = Products;
			sourceTree = "<group>";
		};
		AA600000 = {
			isa = PBXGroup;
			children = (
				AA400000 /* ClassicSync */,
				AA500000 /* Products */,
			);
			sourceTree = "<group>";
		};
/* End PBXGroup section */

/* Begin PBXNativeTarget section */
		AA700000 /* ClassicSync */ = {
			isa = PBXNativeTarget;
			buildConfigurationList = AA800000 /* Build configuration list for PBXNativeTarget "ClassicSync" */;
			buildPhases = (
				AA900001 /* Sources */,
				AA300001 /* Frameworks */,
				AA900002 /* Resources */,
			);
			buildRules = (
			);
			dependencies = (
			);
			name = ClassicSync;
			productName = ClassicSync;
			productReference = AA200001 /* ClassicSync.app */;
			productType = "com.apple.product-type.application";
		};
/* End PBXNativeTarget section */

/* Begin PBXProject section */
		AA000000 /* Project object */ = {
			isa = PBXProject;
			attributes = {
				BuildIndependentTargetsInParallel = 1;
				LastSwiftUpdateCheck = 1500;
				LastUpgradeCheck = 1500;
				TargetAttributes = {
					AA700000 = {
						CreatedOnToolsVersion = 15.0;
					};
				};
			};
			buildConfigurationList = AA800001 /* Build configuration list for PBXProject "ClassicSync" */;
			compatibilityVersion = "Xcode 14.0";
			developmentRegion = en;
			hasScannedForEncodings = 0;
			knownRegions = (
				en,
				Base,
			);
			mainGroup = AA600000;
			productRefGroup = AA500000 /* Products */;
			projectDirPath = "";
			projectRoot = "";
			targets = (
				AA700000 /* ClassicSync */,
			);
		};
/* End PBXProject section */

/* Begin PBXResourcesBuildPhase section */
		AA900002 /* Resources */ = {
			isa = PBXResourcesBuildPhase;
			buildActionMask = 2147483647;
			files = (
			);
			runOnlyForDeploymentPostprocessing = 0;
		};
/* End PBXResourcesBuildPhase section */

/* Begin PBXSourcesBuildPhase section */
		AA900001 /* Sources */ = {
			isa = PBXSourcesBuildPhase;
			buildActionMask = 2147483647;
			files = (
				AA000001 /* ClassicSyncApp.swift in Sources */,
				AA000002 /* ContentView.swift in Sources */,
				AA000003 /* AudioCaptureEngine.swift in Sources */,
				AA000004 /* FFmpegEncoder.swift in Sources */,
				AA000005 /* AppleScriptBridge.swift in Sources */,
				AA000006 /* RecordingCoordinator.swift in Sources */,
				AA000007 /* TrackInfo.swift in Sources */,
				AA000008 /* RecordingSession.swift in Sources */,
				AA000009 /* AppState.swift in Sources */,
				AA000010 /* SetupView.swift in Sources */,
				AA000011 /* QueueView.swift in Sources */,
				AA000012 /* NowRecordingView.swift in Sources */,
				AA000013 /* CompletedView.swift in Sources */,
				AA000014 /* FileNamer.swift in Sources */,
				AA000015 /* ArtworkResizer.swift in Sources */,
				AA000016 /* DiskSpaceChecker.swift in Sources */,
			);
			runOnlyForDeploymentPostprocessing = 0;
		};
/* End PBXSourcesBuildPhase section */

/* Begin XCBuildConfiguration section */
		AA810000 /* Debug */ = {
			isa = XCBuildConfiguration;
			buildSettings = {
				ALWAYS_SEARCH_USER_PATHS = NO;
				ASSETCATALOG_COMPILER_GENERATE_SWIFT_ASSET_SYMBOL_EXTENSIONS = YES;
				CLANG_ANALYZER_NONNULL = YES;
				CLANG_ANALYZER_NUMBER_OBJECT_CONVERSION = YES_AGGRESSIVE;
				CLANG_CXX_LANGUAGE_STANDARD = "gnu++20";
				CLANG_ENABLE_MODULES = YES;
				CLANG_ENABLE_OBJC_ARC = YES;
				CLANG_ENABLE_OBJC_WEAK = YES;
				CLANG_WARN_BLOCK_CAPTURE_AUTORELEASING = YES;
				CLANG_WARN_BOOL_CONVERSION = YES;
				CLANG_WARN_COMMA = YES;
				CLANG_WARN_CONSTANT_CONVERSION = YES;
				CLANG_WARN_DEPRECATED_OBJC_IMPLEMENTATIONS = YES;
				CLANG_WARN_DIRECT_OBJC_ISA_USAGE = YES_ERROR;
				CLANG_WARN_DOCUMENTATION_COMMENTS = YES;
				CLANG_WARN_EMPTY_BODY = YES;
				CLANG_WARN_ENUM_CONVERSION = YES;
				CLANG_WARN_INFINITE_RECURSION = YES;
				CLANG_WARN_INT_CONVERSION = YES;
				CLANG_WARN_NON_LITERAL_NULL_CONVERSION = YES;
				CLANG_WARN_OBJC_IMPLICIT_RETAIN_CYCLE = YES;
				CLANG_WARN_OBJC_LITERAL_CONVERSION = YES;
				CLANG_WARN_OBJC_ROOT_CLASS = YES_ERROR;
				CLANG_WARN_QUOTED_INCLUDE_IN_FRAMEWORK_HEADER = YES;
				CLANG_WARN_RANGE_LOOP_ANALYSIS = YES;
				CLANG_WARN_STRICT_PROTOTYPES = YES;
				CLANG_WARN_SUSPICIOUS_MOVE = YES;
				CLANG_WARN_UNGUARDED_AVAILABILITY = YES_AGGRESSIVE;
				CLANG_WARN_UNREACHABLE_CODE = YES;
				CLANG_WARN__DUPLICATE_METHOD_MATCH = YES;
				COPY_PHASE_STRIP = NO;
				DEBUG_INFORMATION_FORMAT = dwarf;
				ENABLE_STRICT_OBJC_MSGSEND = YES;
				ENABLE_TESTABILITY = YES;
				ENABLE_USER_SCRIPT_SANDBOXING = YES;
				GCC_C_LANGUAGE_STANDARD = gnu17;
				GCC_DYNAMIC_NO_PIC = NO;
				GCC_NO_COMMON_BLOCKS = YES;
				GCC_OPTIMIZATION_LEVEL = 0;
				GCC_PREPROCESSOR_DEFINITIONS = (
					"DEBUG=1",
					"$(inherited)",
				);
				GCC_WARN_64_TO_32_BIT_CONVERSION = YES;
				GCC_WARN_ABOUT_RETURN_TYPE = YES_ERROR;
				GCC_WARN_UNDECLARED_SELECTOR = YES;
				GCC_WARN_UNINITIALIZED_AUTOS = YES_AGGRESSIVE;
				GCC_WARN_UNUSED_FUNCTION = YES;
				GCC_WARN_UNUSED_VARIABLE = YES;
				LOCALIZATION_PREFERS_STRING_CATALOGS = YES;
				MACOSX_DEPLOYMENT_TARGET = 13.0;
				MTL_ENABLE_DEBUG_INFO = INCLUDE_SOURCE;
				MTL_FAST_MATH = YES;
				ONLY_ACTIVE_ARCH = YES;
				SDKROOT = macosx;
				SWIFT_ACTIVE_COMPILATION_CONDITIONS = "DEBUG $(inherited)";
				SWIFT_OPTIMIZATION_LEVEL = "-Onone";
			};
			name = Debug;
		};
		AA810001 /* Release */ = {
			isa = XCBuildConfiguration;
			buildSettings = {
				ALWAYS_SEARCH_USER_PATHS = NO;
				ASSETCATALOG_COMPILER_GENERATE_SWIFT_ASSET_SYMBOL_EXTENSIONS = YES;
				CLANG_ANALYZER_NONNULL = YES;
				CLANG_ANALYZER_NUMBER_OBJECT_CONVERSION = YES_AGGRESSIVE;
				CLANG_CXX_LANGUAGE_STANDARD = "gnu++20";
				CLANG_ENABLE_MODULES = YES;
				CLANG_ENABLE_OBJC_ARC = YES;
				CLANG_ENABLE_OBJC_WEAK = YES;
				CLANG_WARN_BLOCK_CAPTURE_AUTORELEASING = YES;
				CLANG_WARN_BOOL_CONVERSION = YES;
				CLANG_WARN_COMMA = YES;
				CLANG_WARN_CONSTANT_CONVERSION = YES;
				CLANG_WARN_DEPRECATED_OBJC_IMPLEMENTATIONS = YES;
				CLANG_WARN_DIRECT_OBJC_ISA_USAGE = YES_ERROR;
				CLANG_WARN_DOCUMENTATION_COMMENTS = YES;
				CLANG_WARN_EMPTY_BODY = YES;
				CLANG_WARN_ENUM_CONVERSION = YES;
				CLANG_WARN_INFINITE_RECURSION = YES;
				CLANG_WARN_INT_CONVERSION = YES;
				CLANG_WARN_NON_LITERAL_NULL_CONVERSION = YES;
				CLANG_WARN_OBJC_IMPLICIT_RETAIN_CYCLE = YES;
				CLANG_WARN_OBJC_LITERAL_CONVERSION = YES;
				CLANG_WARN_OBJC_ROOT_CLASS = YES_ERROR;
				CLANG_WARN_QUOTED_INCLUDE_IN_FRAMEWORK_HEADER = YES;
				CLANG_WARN_RANGE_LOOP_ANALYSIS = YES;
				CLANG_WARN_STRICT_PROTOTYPES = YES;
				CLANG_WARN_SUSPICIOUS_MOVE = YES;
				CLANG_WARN_UNGUARDED_AVAILABILITY = YES_AGGRESSIVE;
				CLANG_WARN_UNREACHABLE_CODE = YES;
				CLANG_WARN__DUPLICATE_METHOD_MATCH = YES;
				COPY_PHASE_STRIP = NO;
				DEBUG_INFORMATION_FORMAT = "dwarf-with-dsym";
				ENABLE_NS_ASSERTIONS = NO;
				ENABLE_STRICT_OBJC_MSGSEND = YES;
				ENABLE_USER_SCRIPT_SANDBOXING = YES;
				GCC_C_LANGUAGE_STANDARD = gnu17;
				GCC_NO_COMMON_BLOCKS = YES;
				GCC_WARN_64_TO_32_BIT_CONVERSION = YES;
				GCC_WARN_ABOUT_RETURN_TYPE = YES_ERROR;
				GCC_WARN_UNDECLARED_SELECTOR = YES;
				GCC_WARN_UNINITIALIZED_AUTOS = YES_AGGRESSIVE;
				GCC_WARN_UNUSED_FUNCTION = YES;
				GCC_WARN_UNUSED_VARIABLE = YES;
				LOCALIZATION_PREFERS_STRING_CATALOGS = YES;
				MACOSX_DEPLOYMENT_TARGET = 13.0;
				MTL_FAST_MATH = YES;
				SDKROOT = macosx;
				SWIFT_COMPILATION_MODE = wholemodule;
				SWIFT_OPTIMIZATION_LEVEL = "-O";
			};
			name = Release;
		};
		AA820000 /* Debug */ = {
			isa = XCBuildConfiguration;
			buildSettings = {
				ASSETCATALOG_COMPILER_APPICON_NAME = AppIcon;
				ASSETCATALOG_COMPILER_GLOBAL_ACCENT_COLOR_NAME = AccentColor;
				CODE_SIGN_ENTITLEMENTS = ClassicSync/ClassicSync.entitlements;
				CODE_SIGN_STYLE = Automatic;
				COMBINE_HIDPI_IMAGES = YES;
				CURRENT_PROJECT_VERSION = 1;
				GENERATE_INFOPLIST_FILE = NO;
				INFOPLIST_FILE = ClassicSync/Info.plist;
				LD_RUNPATH_SEARCH_PATHS = (
					"$(inherited)",
					"@executable_path/../Frameworks",
				);
				MARKETING_VERSION = 1.0;
				PRODUCT_BUNDLE_IDENTIFIER = com.classicsync.app;
				PRODUCT_NAME = "$(TARGET_NAME)";
				SWIFT_EMIT_LOC_STRINGS = YES;
				SWIFT_VERSION = 5.0;
				MACOSX_DEPLOYMENT_TARGET = 13.0;
			};
			name = Debug;
		};
		AA820001 /* Release */ = {
			isa = XCBuildConfiguration;
			buildSettings = {
				ASSETCATALOG_COMPILER_APPICON_NAME = AppIcon;
				ASSETCATALOG_COMPILER_GLOBAL_ACCENT_COLOR_NAME = AccentColor;
				CODE_SIGN_ENTITLEMENTS = ClassicSync/ClassicSync.entitlements;
				CODE_SIGN_STYLE = Automatic;
				COMBINE_HIDPI_IMAGES = YES;
				CURRENT_PROJECT_VERSION = 1;
				GENERATE_INFOPLIST_FILE = NO;
				INFOPLIST_FILE = ClassicSync/Info.plist;
				LD_RUNPATH_SEARCH_PATHS = (
					"$(inherited)",
					"@executable_path/../Frameworks",
				);
				MARKETING_VERSION = 1.0;
				PRODUCT_BUNDLE_IDENTIFIER = com.classicsync.app;
				PRODUCT_NAME = "$(TARGET_NAME)";
				SWIFT_EMIT_LOC_STRINGS = YES;
				SWIFT_VERSION = 5.0;
				MACOSX_DEPLOYMENT_TARGET = 13.0;
			};
			name = Release;
		};
/* End XCBuildConfiguration section */

/* Begin XCConfigurationList section */
		AA800000 /* Build configuration list for PBXNativeTarget "ClassicSync" */ = {
			isa = XCConfigurationList;
			buildConfigurations = (
				AA820000 /* Debug */,
				AA820001 /* Release */,
			);
			defaultConfigurationIsVisible = 0;
			defaultConfigurationName = Release;
		};
		AA800001 /* Build configuration list for PBXProject "ClassicSync" */ = {
			isa = XCConfigurationList;
			buildConfigurations = (
				AA810000 /* Debug */,
				AA810001 /* Release */,
			);
			defaultConfigurationIsVisible = 0;
			defaultConfigurationName = Release;
		};
/* End XCConfigurationList section */

	};
	rootObject = AA000000 /* Project object */;
}
